
Microsoft Visual Studio Solution File, Format Version 12.00
# Visual Studio Version 16
VisualStudioVersion = 16.0.29418.71
MinimumVisualStudioVersion = 10.0.40219.1
Project("{FAE04EC0-301F-11D3-BF4B-00C04F79EFBC}") = "Lab1_4", "Lab1_4\Lab1_4.csproj", "{993C4C8E-85A4-4431-BC6A-D23A4B395A5F}"
EndProject
Global
	GlobalSection(SolutionConfigurationPlatforms) = preSolution
		Debug|Any CPU = Debug|Any CPU
		Release|Any CPU = Release|Any CPU
	EndGlobalSection
	GlobalSection(ProjectConfigurationPlatforms) = postSolution
		{993C4C8E-85A4-4431-BC6A-D23A4B395A5F}.Debug|Any CPU.ActiveCfg = Debug|Any CPU
		{993C4C8E-85A4-4431-BC6A-D23A4B395A5F}.Debug|Any CPU.Build.0 = Debug|Any CPU
		{993C4C8E-85A4-4431-BC6A-D23A4B395A5F}.Release|Any CPU.ActiveCfg = Release|Any CPU
		{993C4C8E-85A4-4431-BC6A-D23A4B395A5F}.Release|Any CPU.Build.0 = Release|Any CPU
	EndGlobalSection
	GlobalSection(SolutionProperties) = preSolution
		HideSolutionNode = FALSE
	EndGlobalSection
	GlobalSection(ExtensibilityGlobals) = postSolution
		SolutionGuid = {5257013B-2933-40D4-89F0-5C74B95187F9}
	EndGlobalSection
EndGlobal
